{
  "name": "sa-spec",
  "version": "0.1.0",
  "lockfileVersion": 3,
  "requires": true,
  "packages": {
    "": {
      "name": "sa-spec",
      "version": "0.1.0",
      "license": "MIT",
      "bin": {
        "sa-spec": "bin/sa-spec.js"
      },
      "engines": {
        "vscode": "^1.95.0"
      }
    }
  }
}
